<?xml version="1.0" encoding="UTF-8" standalone="yes" ?>
<CodeBlocks_project_file>
	<FileVersion major="1" minor="6" />
	<Project>
		<Option title="MD6" />
		<Option pch_mode="2" />
		<Option compiler="gcc" />
		<Build>
			<Target title="Debug">
				<Option output="bin/Debug/MD6" prefix_auto="1" extension_auto="1" />
				<Option object_output="obj/Debug/" />
				<Option type="1" />
				<Option compiler="gcc" />
				<Compiler>
					<Add option="-g" />
				</Compiler>
			</Target>
			<Target title="Release">
				<Option output="bin/Release/MD6" prefix_auto="1" extension_auto="1" />
				<Option object_output="obj/Release/" />
				<Option type="1" />
				<Option compiler="gcc" />
				<Compiler>
					<Add option="-O2" />
				</Compiler>
				<Linker>
					<Add option="-s" />
				</Linker>
			</Target>
		</Build>
		<Compiler>
			<Add option="-Wall" />
		</Compiler>
		<Unit filename="collision_test.c">
			<Option compilerVar="CC" />
		</Unit>
		<Unit filename="compression_function.c">
			<Option compilerVar="CC" />
		</Unit>
		<Unit filename="compression_function.h" />
		<Unit filename="constants.c">
			<Option compilerVar="CC" />
		</Unit>
		<Unit filename="constants.h" />
		<Unit filename="md6.c">
			<Option compilerVar="CC" />
		</Unit>
		<Unit filename="modes.c">
			<Option compilerVar="CC" />
		</Unit>
		<Unit filename="modes.h" />
		<Unit filename="nist.c">
			<Option compilerVar="CC" />
		</Unit>
		<Unit filename="nist.h" />
		<Unit filename="test.c">
			<Option compilerVar="CC" />
		</Unit>
		<Extensions>
			<code_completion />
			<debugger />
		</Extensions>
	</Project>
</CodeBlocks_project_file>
